
Microsoft Visual Studio Solution File, Format Version 12.00
# Visual Studio Version 16
VisualStudioVersion = 16.0.31624.102
MinimumVisualStudioVersion = 10.0.40219.1
Project("{FAE04EC0-301F-11D3-BF4B-00C04F79EFBC}") = "asignacion1", "asignacion1.csproj", "{AC2E87F3-6642-4DD1-90FF-363D51FF703A}"
EndProject
Global
	GlobalSection(SolutionConfigurationPlatforms) = preSolution
		Debug|Any CPU = Debug|Any CPU
		Release|Any CPU = Release|Any CPU
	EndGlobalSection
	GlobalSection(ProjectConfigurationPlatforms) = postSolution
		{AC2E87F3-6642-4DD1-90FF-363D51FF703A}.Debug|Any CPU.ActiveCfg = Debug|Any CPU
		{AC2E87F3-6642-4DD1-90FF-363D51FF703A}.Debug|Any CPU.Build.0 = Debug|Any CPU
		{AC2E87F3-6642-4DD1-90FF-363D51FF703A}.Release|Any CPU.ActiveCfg = Release|Any CPU
		{AC2E87F3-6642-4DD1-90FF-363D51FF703A}.Release|Any CPU.Build.0 = Release|Any CPU
	EndGlobalSection
	GlobalSection(SolutionProperties) = preSolution
		HideSolutionNode = FALSE
	EndGlobalSection
	GlobalSection(ExtensibilityGlobals) = postSolution
		SolutionGuid = {FC80AD47-E6D2-4D6F-B438-686CB498B07D}
	EndGlobalSection
EndGlobal
